
Microsoft Visual Studio Solution File, Format Version 12.00
# Visual Studio 15
Project("{FAE04EC0-301F-11D3-BF4B-00C04F79EFBC}") = "Assembly-CSharp", "Assembly-CSharp.csproj", "{D995B06D-01B3-0E1A-46DD-6AFA5E29813F}"
EndProject
Project("{FAE04EC0-301F-11D3-BF4B-00C04F79EFBC}") = "Assembly-CSharp-firstpass", "Assembly-CSharp-firstpass.csproj", "{2DC0F18A-DA31-1678-1433-64C5E42762DB}"
EndProject
Project("{FAE04EC0-301F-11D3-BF4B-00C04F79EFBC}") = "Assembly-CSharp-Editor", "Assembly-CSharp-Editor.csproj", "{8B55D0F7-6069-F256-FF89-AE73C20E5F7F}"
EndProject
Global
	GlobalSection(SolutionConfigurationPlatforms) = preSolution
		Debug|Any CPU = Debug|Any CPU
		Release|Any CPU = Release|Any CPU
	EndGlobalSection
	GlobalSection(ProjectConfigurationPlatforms) = postSolution
		{D995B06D-01B3-0E1A-46DD-6AFA5E29813F}.Debug|Any CPU.ActiveCfg = Debug|Any CPU
		{D995B06D-01B3-0E1A-46DD-6AFA5E29813F}.Debug|Any CPU.Build.0 = Debug|Any CPU
		{D995B06D-01B3-0E1A-46DD-6AFA5E29813F}.Release|Any CPU.ActiveCfg = Release|Any CPU
		{D995B06D-01B3-0E1A-46DD-6AFA5E29813F}.Release|Any CPU.Build.0 = Release|Any CPU
		{2DC0F18A-DA31-1678-1433-64C5E42762DB}.Debug|Any CPU.ActiveCfg = Debug|Any CPU
		{2DC0F18A-DA31-1678-1433-64C5E42762DB}.Debug|Any CPU.Build.0 = Debug|Any CPU
		{2DC0F18A-DA31-1678-1433-64C5E42762DB}.Release|Any CPU.ActiveCfg = Release|Any CPU
		{2DC0F18A-DA31-1678-1433-64C5E42762DB}.Release|Any CPU.Build.0 = Release|Any CPU
		{8B55D0F7-6069-F256-FF89-AE73C20E5F7F}.Debug|Any CPU.ActiveCfg = Debug|Any CPU
		{8B55D0F7-6069-F256-FF89-AE73C20E5F7F}.Debug|Any CPU.Build.0 = Debug|Any CPU
		{8B55D0F7-6069-F256-FF89-AE73C20E5F7F}.Release|Any CPU.ActiveCfg = Release|Any CPU
		{8B55D0F7-6069-F256-FF89-AE73C20E5F7F}.Release|Any CPU.Build.0 = Release|Any CPU
	EndGlobalSection
	GlobalSection(SolutionProperties) = preSolution
		HideSolutionNode = FALSE
	EndGlobalSection
EndGlobal
